
Microsoft Visual Studio Solution File, Format Version 12.00
# Visual Studio Version 17
VisualStudioVersion = 17.5.33414.496
MinimumVisualStudioVersion = 10.0.40219.1
Project("{FAE04EC0-301F-11D3-BF4B-00C04F79EFBC}") = "Willis.Afi.Registration.Api", "Willis.Afi.Registration.Api\Willis.Afi.Registration.Api.csproj", "{C015634C-A64A-4070-8F67-EF73267D368C}"
EndProject
Project("{FAE04EC0-301F-11D3-BF4B-00C04F79EFBC}") = "Willis.Afi.Registration.Api.Tests", "Willis.Afi.Registration.Api.Tests\Willis.Afi.Registration.Api.Tests.csproj", "{73C62A23-8972-41B0-8A55-3AA4E643A1A2}"
EndProject
Project("{FAE04EC0-301F-11D3-BF4B-00C04F79EFBC}") = "Willis.Afi.Registration.Api.Models", "Willis.Afi.Registration.Api.Models\Willis.Afi.Registration.Api.Models.csproj", "{842E7506-287C-48AA-9A02-97CC543AAFB2}"
EndProject
Project("{FAE04EC0-301F-11D3-BF4B-00C04F79EFBC}") = "Willis.Afi.Registration.Api.Services", "Willis.Afi.Registration.Api.Services\Willis.Afi.Registration.Api.Services.csproj", "{C2C1E32F-E15B-453B-8898-86D70958A31D}"
EndProject
Project("{FAE04EC0-301F-11D3-BF4B-00C04F79EFBC}") = "Willis.Afi.Registration.Api.Services.Tests", "Willis.Afi.Registration.Api.Services.Tests\Willis.Afi.Registration.Api.Services.Tests.csproj", "{4F78A1A5-485E-4BB7-9B9F-E2489E34918C}"
EndProject
Project("{FAE04EC0-301F-11D3-BF4B-00C04F79EFBC}") = "Willis.Afi.Registration.Api.DataAccess", "Willis.Afi.Registration.Api.DataAccess\Willis.Afi.Registration.Api.DataAccess.csproj", "{544854C6-6B5D-4D0E-93FF-44787577BE7E}"
EndProject
Global
	GlobalSection(SolutionConfigurationPlatforms) = preSolution
		Debug|Any CPU = Debug|Any CPU
		Release|Any CPU = Release|Any CPU
	EndGlobalSection
	GlobalSection(ProjectConfigurationPlatforms) = postSolution
		{C015634C-A64A-4070-8F67-EF73267D368C}.Debug|Any CPU.ActiveCfg = Debug|Any CPU
		{C015634C-A64A-4070-8F67-EF73267D368C}.Debug|Any CPU.Build.0 = Debug|Any CPU
		{C015634C-A64A-4070-8F67-EF73267D368C}.Release|Any CPU.ActiveCfg = Release|Any CPU
		{C015634C-A64A-4070-8F67-EF73267D368C}.Release|Any CPU.Build.0 = Release|Any CPU
		{73C62A23-8972-41B0-8A55-3AA4E643A1A2}.Debug|Any CPU.ActiveCfg = Debug|Any CPU
		{73C62A23-8972-41B0-8A55-3AA4E643A1A2}.Debug|Any CPU.Build.0 = Debug|Any CPU
		{73C62A23-8972-41B0-8A55-3AA4E643A1A2}.Release|Any CPU.ActiveCfg = Release|Any CPU
		{73C62A23-8972-41B0-8A55-3AA4E643A1A2}.Release|Any CPU.Build.0 = Release|Any CPU
		{842E7506-287C-48AA-9A02-97CC543AAFB2}.Debug|Any CPU.ActiveCfg = Debug|Any CPU
		{842E7506-287C-48AA-9A02-97CC543AAFB2}.Debug|Any CPU.Build.0 = Debug|Any CPU
		{842E7506-287C-48AA-9A02-97CC543AAFB2}.Release|Any CPU.ActiveCfg = Release|Any CPU
		{842E7506-287C-48AA-9A02-97CC543AAFB2}.Release|Any CPU.Build.0 = Release|Any CPU
		{C2C1E32F-E15B-453B-8898-86D70958A31D}.Debug|Any CPU.ActiveCfg = Debug|Any CPU
		{C2C1E32F-E15B-453B-8898-86D70958A31D}.Debug|Any CPU.Build.0 = Debug|Any CPU
		{C2C1E32F-E15B-453B-8898-86D70958A31D}.Release|Any CPU.ActiveCfg = Release|Any CPU
		{C2C1E32F-E15B-453B-8898-86D70958A31D}.Release|Any CPU.Build.0 = Release|Any CPU
		{4F78A1A5-485E-4BB7-9B9F-E2489E34918C}.Debug|Any CPU.ActiveCfg = Debug|Any CPU
		{4F78A1A5-485E-4BB7-9B9F-E2489E34918C}.Debug|Any CPU.Build.0 = Debug|Any CPU
		{4F78A1A5-485E-4BB7-9B9F-E2489E34918C}.Release|Any CPU.ActiveCfg = Release|Any CPU
		{4F78A1A5-485E-4BB7-9B9F-E2489E34918C}.Release|Any CPU.Build.0 = Release|Any CPU
		{544854C6-6B5D-4D0E-93FF-44787577BE7E}.Debug|Any CPU.ActiveCfg = Debug|Any CPU
		{544854C6-6B5D-4D0E-93FF-44787577BE7E}.Debug|Any CPU.Build.0 = Debug|Any CPU
		{544854C6-6B5D-4D0E-93FF-44787577BE7E}.Release|Any CPU.ActiveCfg = Release|Any CPU
		{544854C6-6B5D-4D0E-93FF-44787577BE7E}.Release|Any CPU.Build.0 = Release|Any CPU
	EndGlobalSection
	GlobalSection(SolutionProperties) = preSolution
		HideSolutionNode = FALSE
	EndGlobalSection
	GlobalSection(ExtensibilityGlobals) = postSolution
		SolutionGuid = {3D727C47-9261-4AED-B790-C4834FDBA045}
	EndGlobalSection
EndGlobal
